// !$*UTF8*$!
{
	archiveVersion = 1;
	classes = {
	};
	objectVersion = 46;
	objects = {

/* Begin PBXBuildFile section */
		4C856C461C77857300ECF69D /* main.m in Sources */ = {isa = PBXBuildFile; fileRef = 4C856C451C77857300ECF69D /* main.m */; };
		4C856C491C77857300ECF69D /* AppDelegate.m in Sources */ = {isa = PBXBuildFile; fileRef = 4C856C481C77857300ECF69D /* AppDelegate.m */; };
		4C856C511C77857300ECF69D /* Assets.xcassets in Resources */ = {isa = PBXBuildFile; fileRef = 4C856C501C77857300ECF69D /* Assets.xcassets */; };
		4C856C5D1C77872700ECF69D /* NavigationViewController.m in Sources */ = {isa = PBXBuildFile; fileRef = 4C856C5C1C77872700ECF69D /* NavigationViewController.m */; };
		4C856C601C77874D00ECF69D /* TabBarViewController.m in Sources */ = {isa = PBXBuildFile; fileRef = 4C856C5F1C77874D00ECF69D /* TabBarViewController.m */; };
		4C856C721C78670000ECF69D /* PresentViewControllerOne.m in Sources */ = {isa = PBXBuildFile; fileRef = 4C856C6E1C78670000ECF69D /* PresentViewControllerOne.m */; };
		4C856C731C78670000ECF69D /* PresentViewControllerTwo.m in Sources */ = {isa = PBXBuildFile; fileRef = 4C856C701C78670000ECF69D /* PresentViewControllerTwo.m */; };
		4C856C761C78729100ECF69D /* PresentViewControllerThree.m in Sources */ = {isa = PBXBuildFile; fileRef = 4C856C751C78729100ECF69D /* PresentViewControllerThree.m */; };
		4C856C971C78CC9D00ECF69D /* InteractiveViewControllerOne.m in Sources */ = {isa = PBXBuildFile; fileRef = 4C856C911C78CC9D00ECF69D /* InteractiveViewControllerOne.m */; };
		4C856CAD1C81A91F00ECF69D /* InteractiveViewController.m in Sources */ = {isa = PBXBuildFile; fileRef = 4C856CAC1C81A91F00ECF69D /* InteractiveViewController.m */; };
		4C856CBE1C81F25800ECF69D /* InteractiveAnimator.m in Sources */ = {isa = PBXBuildFile; fileRef = 4C856CB41C81F25800ECF69D /* InteractiveAnimator.m */; };
		4C856CBF1C81F25800ECF69D /* InteractiveTransitioningDelegate.m in Sources */ = {isa = PBXBuildFile; fileRef = 4C856CB61C81F25800ECF69D /* InteractiveTransitioningDelegate.m */; };
		4C856CC01C81F25800ECF69D /* PercentDrivenInteractiveTransition.m in Sources */ = {isa = PBXBuildFile; fileRef = 4C856CB81C81F25800ECF69D /* PercentDrivenInteractiveTransition.m */; };
		4C856CC11C81F25800ECF69D /* PresentAnimator.m in Sources */ = {isa = PBXBuildFile; fileRef = 4C856CBB1C81F25800ECF69D /* PresentAnimator.m */; };
		4C856CC21C81F25800ECF69D /* PresentTranaitioningDelegate.m in Sources */ = {isa = PBXBuildFile; fileRef = 4C856CBD1C81F25800ECF69D /* PresentTranaitioningDelegate.m */; };
/* End PBXBuildFile section */

/* Begin PBXFileReference section */
		4C856C411C77857300ECF69D /* ViewControllerTransition.app */ = {isa = PBXFileReference; explicitFileType = wrapper.application; includeInIndex = 0; path = ViewControllerTransition.app; sourceTree = BUILT_PRODUCTS_DIR; };
		4C856C451C77857300ECF69D /* main.m */ = {isa = PBXFileReference; lastKnownFileType = sourcecode.c.objc; path = main.m; sourceTree = "<group>"; };
		4C856C471C77857300ECF69D /* AppDelegate.h */ = {isa = PBXFileReference; lastKnownFileType = sourcecode.c.h; path = AppDelegate.h; sourceTree = "<group>"; };
		4C856C481C77857300ECF69D /* AppDelegate.m */ = {isa = PBXFileReference; lastKnownFileType = sourcecode.c.objc; path = AppDelegate.m; sourceTree = "<group>"; };
		4C856C501C77857300ECF69D /* Assets.xcassets */ = {isa = PBXFileReference; lastKnownFileType = folder.assetcatalog; path = Assets.xcassets; sourceTree = "<group>"; };
		4C856C551C77857300ECF69D /* Info.plist */ = {isa = PBXFileReference; lastKnownFileType = text.plist.xml; path = Info.plist; sourceTree = "<group>"; };
		4C856C5B1C77872700ECF69D /* NavigationViewController.h */ = {isa = PBXFileReference; fileEncoding = 4; lastKnownFileType = sourcecode.c.h; path = NavigationViewController.h; sourceTree = "<group>"; };
		4C856C5C1C77872700ECF69D /* NavigationViewController.m */ = {isa = PBXFileReference; fileEncoding = 4; lastKnownFileType = sourcecode.c.objc; path = NavigationViewController.m; sourceTree = "<group>"; };
		4C856C5E1C77874D00ECF69D /* TabBarViewController.h */ = {isa = PBXFileReference; fileEncoding = 4; lastKnownFileType = sourcecode.c.h; path = TabBarViewController.h; sourceTree = "<group>"; };
		4C856C5F1C77874D00ECF69D /* TabBarViewController.m */ = {isa = PBXFileReference; fileEncoding = 4; lastKnownFileType = sourcecode.c.objc; path = TabBarViewController.m; sourceTree = "<group>"; };
		4C856C6D1C78670000ECF69D /* PresentViewControllerOne.h */ = {isa = PBXFileReference; fileEncoding = 4; lastKnownFileType = sourcecode.c.h; path = PresentViewControllerOne.h; sourceTree = "<group>"; };
		4C856C6E1C78670000ECF69D /* PresentViewControllerOne.m */ = {isa = PBXFileReference; fileEncoding = 4; lastKnownFileType = sourcecode.c.objc; path = PresentViewControllerOne.m; sourceTree = "<group>"; };
		4C856C6F1C78670000ECF69D /* PresentViewControllerTwo.h */ = {isa = PBXFileReference; fileEncoding = 4; lastKnownFileType = sourcecode.c.h; path = PresentViewControllerTwo.h; sourceTree = "<group>"; };
		4C856C701C78670000ECF69D /* PresentViewControllerTwo.m */ = {isa = PBXFileReference; fileEncoding = 4; lastKnownFileType = sourcecode.c.objc; path = PresentViewControllerTwo.m; sourceTree = "<group>"; };
		4C856C741C78729100ECF69D /* PresentViewControllerThree.h */ = {isa = PBXFileReference; fileEncoding = 4; lastKnownFileType = sourcecode.c.h; path = PresentViewControllerThree.h; sourceTree = "<group>"; };
		4C856C751C78729100ECF69D /* PresentViewControllerThree.m */ = {isa = PBXFileReference; fileEncoding = 4; lastKnownFileType = sourcecode.c.objc; path = PresentViewControllerThree.m; sourceTree = "<group>"; };
		4C856C901C78CC9D00ECF69D /* InteractiveViewControllerOne.h */ = {isa = PBXFileReference; fileEncoding = 4; lastKnownFileType = sourcecode.c.h; path = InteractiveViewControllerOne.h; sourceTree = "<group>"; };
		4C856C911C78CC9D00ECF69D /* InteractiveViewControllerOne.m */ = {isa = PBXFileReference; fileEncoding = 4; lastKnownFileType = sourcecode.c.objc; path = InteractiveViewControllerOne.m; sourceTree = "<group>"; };
		4C856CAB1C81A91F00ECF69D /* InteractiveViewController.h */ = {isa = PBXFileReference; fileEncoding = 4; lastKnownFileType = sourcecode.c.h; path = InteractiveViewController.h; sourceTree = "<group>"; };
		4C856CAC1C81A91F00ECF69D /* InteractiveViewController.m */ = {isa = PBXFileReference; fileEncoding = 4; lastKnownFileType = sourcecode.c.objc; path = InteractiveViewController.m; sourceTree = "<group>"; };
		4C856CB31C81F25800ECF69D /* InteractiveAnimator.h */ = {isa = PBXFileReference; fileEncoding = 4; lastKnownFileType = sourcecode.c.h; path = InteractiveAnimator.h; sourceTree = "<group>"; };
		4C856CB41C81F25800ECF69D /* InteractiveAnimator.m */ = {isa = PBXFileReference; fileEncoding = 4; lastKnownFileType = sourcecode.c.objc; path = InteractiveAnimator.m; sourceTree = "<group>"; };
		4C856CB51C81F25800ECF69D /* InteractiveTransitioningDelegate.h */ = {isa = PBXFileReference; fileEncoding = 4; lastKnownFileType = sourcecode.c.h; path = InteractiveTransitioningDelegate.h; sourceTree = "<group>"; };
		4C856CB61C81F25800ECF69D /* InteractiveTransitioningDelegate.m */ = {isa = PBXFileReference; fileEncoding = 4; lastKnownFileType = sourcecode.c.objc; path = InteractiveTransitioningDelegate.m; sourceTree = "<group>"; };
		4C856CB71C81F25800ECF69D /* PercentDrivenInteractiveTransition.h */ = {isa = PBXFileReference; fileEncoding = 4; lastKnownFileType = sourcecode.c.h; path = PercentDrivenInteractiveTransition.h; sourceTree = "<group>"; };
		4C856CB81C81F25800ECF69D /* PercentDrivenInteractiveTransition.m */ = {isa = PBXFileReference; fileEncoding = 4; lastKnownFileType = sourcecode.c.objc; path = PercentDrivenInteractiveTransition.m; sourceTree = "<group>"; };
		4C856CBA1C81F25800ECF69D /* PresentAnimator.h */ = {isa = PBXFileReference; fileEncoding = 4; lastKnownFileType = sourcecode.c.h; path = PresentAnimator.h; sourceTree = "<group>"; };
		4C856CBB1C81F25800ECF69D /* PresentAnimator.m */ = {isa = PBXFileReference; fileEncoding = 4; lastKnownFileType = sourcecode.c.objc; path = PresentAnimator.m; sourceTree = "<group>"; };
		4C856CBC1C81F25800ECF69D /* PresentTranaitioningDelegate.h */ = {isa = PBXFileReference; fileEncoding = 4; lastKnownFileType = sourcecode.c.h; path = PresentTranaitioningDelegate.h; sourceTree = "<group>"; };
		4C856CBD1C81F25800ECF69D /* PresentTranaitioningDelegate.m */ = {isa = PBXFileReference; fileEncoding = 4; lastKnownFileType = sourcecode.c.objc; path = PresentTranaitioningDelegate.m; sourceTree = "<group>"; };
/* End PBXFileReference section */

/* Begin PBXFrameworksBuildPhase section */
		4C856C3E1C77857300ECF69D /* Frameworks */ = {
			isa = PBXFrameworksBuildPhase;
			buildActionMask = 2147483647;
			files = (
			);
			runOnlyForDeploymentPostprocessing = 0;
		};
/* End PBXFrameworksBuildPhase section */

/* Begin PBXGroup section */
		4C856C381C77857300ECF69D = {
			isa = PBXGroup;
			children = (
				4C856C431C77857300ECF69D /* ViewControllerTransition */,
				4C856C421C77857300ECF69D /* Products */,
			);
			sourceTree = "<group>";
		};
		4C856C421C77857300ECF69D /* Products */ = {
			isa = PBXGroup;
			children = (
				4C856C411C77857300ECF69D /* ViewControllerTransition.app */,
			);
			name = Products;
			sourceTree = "<group>";
		};
		4C856C431C77857300ECF69D /* ViewControllerTransition */ = {
			isa = PBXGroup;
			children = (
				4C856C471C77857300ECF69D /* AppDelegate.h */,
				4C856C481C77857300ECF69D /* AppDelegate.m */,
				4C856C5E1C77874D00ECF69D /* TabBarViewController.h */,
				4C856C5F1C77874D00ECF69D /* TabBarViewController.m */,
				4C856C5B1C77872700ECF69D /* NavigationViewController.h */,
				4C856C5C1C77872700ECF69D /* NavigationViewController.m */,
				4C856CB11C81F25800ECF69D /* TransitioningDelegate */,
				4C856C891C78CC9D00ECF69D /* InteractiveController */,
				4C856C6A1C78670000ECF69D /* PresentViewController */,
				4C856C501C77857300ECF69D /* Assets.xcassets */,
				4C856C551C77857300ECF69D /* Info.plist */,
				4C856C441C77857300ECF69D /* Supporting Files */,
			);
			path = ViewControllerTransition;
			sourceTree = "<group>";
		};
		4C856C441C77857300ECF69D /* Supporting Files */ = {
			isa = PBXGroup;
			children = (
				4C856C451C77857300ECF69D /* main.m */,
			);
			name = "Supporting Files";
			sourceTree = "<group>";
		};
		4C856C6A1C78670000ECF69D /* PresentViewController */ = {
			isa = PBXGroup;
			children = (
				4C856C6D1C78670000ECF69D /* PresentViewControllerOne.h */,
				4C856C6E1C78670000ECF69D /* PresentViewControllerOne.m */,
				4C856C6F1C78670000ECF69D /* PresentViewControllerTwo.h */,
				4C856C701C78670000ECF69D /* PresentViewControllerTwo.m */,
				4C856C741C78729100ECF69D /* PresentViewControllerThree.h */,
				4C856C751C78729100ECF69D /* PresentViewControllerThree.m */,
			);
			path = PresentViewController;
			sourceTree = "<group>";
		};
		4C856C891C78CC9D00ECF69D /* InteractiveController */ = {
			isa = PBXGroup;
			children = (
				4C856CAB1C81A91F00ECF69D /* InteractiveViewController.h */,
				4C856CAC1C81A91F00ECF69D /* InteractiveViewController.m */,
				4C856C901C78CC9D00ECF69D /* InteractiveViewControllerOne.h */,
				4C856C911C78CC9D00ECF69D /* InteractiveViewControllerOne.m */,
			);
			path = InteractiveController;
			sourceTree = "<group>";
		};
		4C856CB11C81F25800ECF69D /* TransitioningDelegate */ = {
			isa = PBXGroup;
			children = (
				4C856CB21C81F25800ECF69D /* InteractiveTransition */,
				4C856CB91C81F25800ECF69D /* PresentTranaition */,
			);
			path = TransitioningDelegate;
			sourceTree = "<group>";
		};
		4C856CB21C81F25800ECF69D /* InteractiveTransition */ = {
			isa = PBXGroup;
			children = (
				4C856CB31C81F25800ECF69D /* InteractiveAnimator.h */,
				4C856CB41C81F25800ECF69D /* InteractiveAnimator.m */,
				4C856CB51C81F25800ECF69D /* InteractiveTransitioningDelegate.h */,
				4C856CB61C81F25800ECF69D /* InteractiveTransitioningDelegate.m */,
				4C856CB71C81F25800ECF69D /* PercentDrivenInteractiveTransition.h */,
				4C856CB81C81F25800ECF69D /* PercentDrivenInteractiveTransition.m */,
			);
			path = InteractiveTransition;
			sourceTree = "<group>";
		};
		4C856CB91C81F25800ECF69D /* PresentTranaition */ = {
			isa = PBXGroup;
			children = (
				4C856CBA1C81F25800ECF69D /* PresentAnimator.h */,
				4C856CBB1C81F25800ECF69D /* PresentAnimator.m */,
				4C856CBC1C81F25800ECF69D /* PresentTranaitioningDelegate.h */,
				4C856CBD1C81F25800ECF69D /* PresentTranaitioningDelegate.m */,
			);
			path = PresentTranaition;
			sourceTree = "<group>";
		};
/* End PBXGroup section */

/* Begin PBXNativeTarget section */
		4C856C401C77857300ECF69D /* ViewControllerTransition */ = {
			isa = PBXNativeTarget;
			buildConfigurationList = 4C856C581C77857300ECF69D /* Build configuration list for PBXNativeTarget "ViewControllerTransition" */;
			buildPhases = (
				4C856C3D1C77857300ECF69D /* Sources */,
				4C856C3E1C77857300ECF69D /* Frameworks */,
				4C856C3F1C77857300ECF69D /* Resources */,
			);
			buildRules = (
			);
			dependencies = (
			);
			name = ViewControllerTransition;
			productName = ViewControllerTransition;
			productReference = 4C856C411C77857300ECF69D /* ViewControllerTransition.app */;
			productType = "com.apple.product-type.application";
		};
/* End PBXNativeTarget section */

/* Begin PBXProject section */
		4C856C391C77857300ECF69D /* Project object */ = {
			isa = PBXProject;
			attributes = {
				LastUpgradeCheck = 0720;
				ORGANIZATIONNAME = MiaoChao;
				TargetAttributes = {
					4C856C401C77857300ECF69D = {
						CreatedOnToolsVersion = 7.2.1;
						DevelopmentTeam = 96WC3K3Y48;
					};
				};
			};
			buildConfigurationList = 4C856C3C1C77857300ECF69D /* Build configuration list for PBXProject "ViewControllerTransition" */;
			compatibilityVersion = "Xcode 3.2";
			developmentRegion = English;
			hasScannedForEncodings = 0;
			knownRegions = (
				en,
				Base,
			);
			mainGroup = 4C856C381C77857300ECF69D;
			productRefGroup = 4C856C421C77857300ECF69D /* Products */;
			projectDirPath = "";
			projectRoot = "";
			targets = (
				4C856C401C77857300ECF69D /* ViewControllerTransition */,
			);
		};
/* End PBXProject section */

/* Begin PBXResourcesBuildPhase section */
		4C856C3F1C77857300ECF69D /* Resources */ = {
			isa = PBXResourcesBuildPhase;
			buildActionMask = 2147483647;
			files = (
				4C856C511C77857300ECF69D /* Assets.xcassets in Resources */,
			);
			runOnlyForDeploymentPostprocessing = 0;
		};
/* End PBXResourcesBuildPhase section */

/* Begin PBXSourcesBuildPhase section */
		4C856C3D1C77857300ECF69D /* Sources */ = {
			isa = PBXSourcesBuildPhase;
			buildActionMask = 2147483647;
			files = (
				4C856C601C77874D00ECF69D /* TabBarViewController.m in Sources */,
				4C856CAD1C81A91F00ECF69D /* InteractiveViewController.m in Sources */,
				4C856CC11C81F25800ECF69D /* PresentAnimator.m in Sources */,
				4C856CC01C81F25800ECF69D /* PercentDrivenInteractiveTransition.m in Sources */,
				4C856C491C77857300ECF69D /* AppDelegate.m in Sources */,
				4C856C971C78CC9D00ECF69D /* InteractiveViewControllerOne.m in Sources */,
				4C856C731C78670000ECF69D /* PresentViewControllerTwo.m in Sources */,
				4C856C461C77857300ECF69D /* main.m in Sources */,
				4C856CBF1C81F25800ECF69D /* InteractiveTransitioningDelegate.m in Sources */,
				4C856CBE1C81F25800ECF69D /* InteractiveAnimator.m in Sources */,
				4C856C5D1C77872700ECF69D /* NavigationViewController.m in Sources */,
				4C856CC21C81F25800ECF69D /* PresentTranaitioningDelegate.m in Sources */,
				4C856C721C78670000ECF69D /* PresentViewControllerOne.m in Sources */,
				4C856C761C78729100ECF69D /* PresentViewControllerThree.m in Sources */,
			);
			runOnlyForDeploymentPostprocessing = 0;
		};
/* End PBXSourcesBuildPhase section */

/* Begin XCBuildConfiguration section */
		4C856C561C77857300ECF69D /* Debug */ = {
			isa = XCBuildConfiguration;
			buildSettings = {
				ALWAYS_SEARCH_USER_PATHS = NO;
				CLANG_CXX_LANGUAGE_STANDARD = "gnu++0x";
				CLANG_CXX_LIBRARY = "libc++";
				CLANG_ENABLE_MODULES = YES;
				CLANG_ENABLE_OBJC_ARC = YES;
				CLANG_WARN_BOOL_CONVERSION = YES;
				CLANG_WARN_CONSTANT_CONVERSION = YES;
				CLANG_WARN_DIRECT_OBJC_ISA_USAGE = YES_ERROR;
				CLANG_WARN_EMPTY_BODY = YES;
				CLANG_WARN_ENUM_CONVERSION = YES;
				CLANG_WARN_INT_CONVERSION = YES;
				CLANG_WARN_OBJC_ROOT_CLASS = YES_ERROR;
				CLANG_WARN_UNREACHABLE_CODE = YES;
				CLANG_WARN__DUPLICATE_METHOD_MATCH = YES;
				"CODE_SIGN_IDENTITY[sdk=iphoneos*]" = "iPhone Developer";
				COPY_PHASE_STRIP = NO;
				DEBUG_INFORMATION_FORMAT = dwarf;
				ENABLE_STRICT_OBJC_MSGSEND = YES;
				ENABLE_TESTABILITY = YES;
				GCC_C_LANGUAGE_STANDARD = gnu99;
				GCC_DYNAMIC_NO_PIC = NO;
				GCC_NO_COMMON_BLOCKS = YES;
				GCC_OPTIMIZATION_LEVEL = 0;
				GCC_PREPROCESSOR_DEFINITIONS = (
					"DEBUG=1",
					"$(inherited)",
				);
				GCC_WARN_64_TO_32_BIT_CONVERSION = YES;
				GCC_WARN_ABOUT_RETURN_TYPE = YES_ERROR;
				GCC_WARN_UNDECLARED_SELECTOR = YES;
				GCC_WARN_UNINITIALIZED_AUTOS = YES_AGGRESSIVE;
				GCC_WARN_UNUSED_FUNCTION = YES;
				GCC_WARN_UNUSED_VARIABLE = YES;
				IPHONEOS_DEPLOYMENT_TARGET = 9.2;
				MTL_ENABLE_DEBUG_INFO = YES;
				ONLY_ACTIVE_ARCH = YES;
				SDKROOT = iphoneos;
				TARGETED_DEVICE_FAMILY = "1,2";
			};
			name = Debug;
		};
		4C856C571C77857300ECF69D /* Release */ = {
			isa = XCBuildConfiguration;
			buildSettings = {
				ALWAYS_SEARCH_USER_PATHS = NO;
				CLANG_CXX_LANGUAGE_STANDARD = "gnu++0x";
				CLANG_CXX_LIBRARY = "libc++";
				CLANG_ENABLE_MODULES = YES;
				CLANG_ENABLE_OBJC_ARC = YES;
				CLANG_WARN_BOOL_CONVERSION = YES;
				CLANG_WARN_CONSTANT_CONVERSION = YES;
				CLANG_WARN_DIRECT_OBJC_ISA_USAGE = YES_ERROR;
				CLANG_WARN_EMPTY_BODY = YES;
				CLANG_WARN_ENUM_CONVERSION = YES;
				CLANG_WARN_INT_CONVERSION = YES;
				CLANG_WARN_OBJC_ROOT_CLASS = YES_ERROR;
				CLANG_WARN_UNREACHABLE_CODE = YES;
				CLANG_WARN__DUPLICATE_METHOD_MATCH = YES;
				"CODE_SIGN_IDENTITY[sdk=iphoneos*]" = "iPhone Developer";
				COPY_PHASE_STRIP = NO;
				DEBUG_INFORMATION_FORMAT = "dwarf-with-dsym";
				ENABLE_NS_ASSERTIONS = NO;
				ENABLE_STRICT_OBJC_MSGSEND = YES;
				GCC_C_LANGUAGE_STANDARD = gnu99;
				GCC_NO_COMMON_BLOCKS = YES;
				GCC_WARN_64_TO_32_BIT_CONVERSION = YES;
				GCC_WARN_ABOUT_RETURN_TYPE = YES_ERROR;
				GCC_WARN_UNDECLARED_SELECTOR = YES;
				GCC_WARN_UNINITIALIZED_AUTOS = YES_AGGRESSIVE;
				GCC_WARN_UNUSED_FUNCTION = YES;
				GCC_WARN_UNUSED_VARIABLE = YES;
				IPHONEOS_DEPLOYMENT_TARGET = 9.2;
				MTL_ENABLE_DEBUG_INFO = NO;
				SDKROOT = iphoneos;
				TARGETED_DEVICE_FAMILY = "1,2";
				VALIDATE_PRODUCT = YES;
			};
			name = Release;
		};
		4C856C591C77857300ECF69D /* Debug */ = {
			isa = XCBuildConfiguration;
			buildSettings = {
				ASSETCATALOG_COMPILER_APPICON_NAME = AppIcon;
				ASSETCATALOG_COMPILER_LAUNCHIMAGE_NAME = "Brand Assets";
				INFOPLIST_FILE = ViewControllerTransition/Info.plist;
				LD_RUNPATH_SEARCH_PATHS = "$(inherited) @executable_path/Frameworks";
				PRODUCT_BUNDLE_IDENTIFIER = MiaoChao.ViewControllerTransition;
				PRODUCT_NAME = "$(TARGET_NAME)";
			};
			name = Debug;
		};
		4C856C5A1C77857300ECF69D /* Release */ = {
			isa = XCBuildConfiguration;
			buildSettings = {
				ASSETCATALOG_COMPILER_APPICON_NAME = AppIcon;
				ASSETCATALOG_COMPILER_LAUNCHIMAGE_NAME = "Brand Assets";
				INFOPLIST_FILE = ViewControllerTransition/Info.plist;
				LD_RUNPATH_SEARCH_PATHS = "$(inherited) @executable_path/Frameworks";
				PRODUCT_BUNDLE_IDENTIFIER = MiaoChao.ViewControllerTransition;
				PRODUCT_NAME = "$(TARGET_NAME)";
			};
			name = Release;
		};
/* End XCBuildConfiguration section */

/* Begin XCConfigurationList section */
		4C856C3C1C77857300ECF69D /* Build configuration list for PBXProject "ViewControllerTransition" */ = {
			isa = XCConfigurationList;
			buildConfigurations = (
				4C856C561C77857300ECF69D /* Debug */,
				4C856C571C77857300ECF69D /* Release */,
			);
			defaultConfigurationIsVisible = 0;
			defaultConfigurationName = Release;
		};
		4C856C581C77857300ECF69D /* Build configuration list for PBXNativeTarget "ViewControllerTransition" */ = {
			isa = XCConfigurationList;
			buildConfigurations = (
				4C856C591C77857300ECF69D /* Debug */,
				4C856C5A1C77857300ECF69D /* Release */,
			);
			defaultConfigurationIsVisible = 0;
			defaultConfigurationName = Release;
		};
/* End XCConfigurationList section */
	};
	rootObject = 4C856C391C77857300ECF69D /* Project object */;
}
